{
  "name": "jz",
  "version": "0.2.1",
  "lockfileVersion": 3,
  "requires": true,
  "packages": {
    "": {
      "name": "jz",
      "version": "0.2.1",
      "license": "MIT",
      "dependencies": {
        "subscript": "^10.4.2",
        "watr": "^4.5.1"
      },
      "bin": {
        "jz": "cli.js"
      },
      "devDependencies": {
        "tst": "^9.4.0"
      }
    },
    "node_modules/subscript": {
      "version": "10.4.2",
      "resolved": "https://registry.npmjs.org/subscript/-/subscript-10.4.2.tgz",
      "integrity": "sha512-hv/+GwNeWWdmp3rNrEvp8Q9Z3MRCa7zgZe1dJBrWe8dfUvWlJiX4NFmuZHWlty/4Z/XtpUPYxG+QsvgAHXLayg==",
      "license": "ISC"
    },
    "node_modules/tst": {
      "version": "9.4.0",
      "resolved": "https://registry.npmjs.org/tst/-/tst-9.4.0.tgz",
      "integrity": "sha512-LFC1yasMqhvL9hBJdA07nozlfS1RGy/7uiBCwRZcQH9zB4+n7XpxwYszzK//WQ2JVOLAUgU3d8ABEcrFLZE0vg==",
      "dev": true,
      "license": "MIT"
    },
    "node_modules/watr": {
      "version": "4.5.1",
      "resolved": "https://registry.npmjs.org/watr/-/watr-4.5.1.tgz",
      "integrity": "sha512-qnAAMRnaNXi3vBXakH3ngl8H60W/uYUnM0xdu99X9vpm9VGE8ktJXr/ZnBdnMKEh60krCskvpZgtu1EBT1CK6g==",
      "license": "MIT",
      "bin": {
        "watr": "bin/watr.js"
      }
    }
  }
}
