{
  "name": "jz",
  "version": "0.0.0",
  "lockfileVersion": 3,
  "requires": true,
  "packages": {
    "": {
      "name": "jz",
      "version": "0.0.0",
      "license": "MIT",
      "dependencies": {
        "subscript": "^10.1.5"
      },
      "bin": {
        "jz": "cli.js"
      },
      "devDependencies": {
        "tst": "^9.2.0",
        "watr": "^4.2.1"
      }
    },
    "node_modules/subscript": {
      "version": "10.1.5",
      "resolved": "https://registry.npmjs.org/subscript/-/subscript-10.1.5.tgz",
      "integrity": "sha512-UjAWv3Z/PcuTvg8c9IlQQCoIAnH2mfsaMmYLxeeFMGBVBHeTvwLvvW0kwmr7w7CxPSP4AyS07761idjPDd5a+A==",
      "license": "ISC"
    },
    "node_modules/tst": {
      "version": "9.2.0",
      "resolved": "https://registry.npmjs.org/tst/-/tst-9.2.0.tgz",
      "integrity": "sha512-kYZuE3y4LSL9XHplksE4jThEjhViL5iT2LoBhRnmvCF5yKBFsEGMQVc1O1cUKGZ3xw7hjDqXZFugSz40CvWZ7w==",
      "dev": true,
      "license": "MIT"
    },
    "node_modules/watr": {
      "version": "4.2.1",
      "resolved": "https://registry.npmjs.org/watr/-/watr-4.2.1.tgz",
      "integrity": "sha512-PlEZJDPubD/9NxHM5t3onefewS4Yr7UZryfB4UAqv+MDrtql0cJ/EAe1++zRw0RADbovbcY7sjIa6PWJGGdRlw==",
      "dev": true,
      "license": "MIT",
      "bin": {
        "watr": "bin/watr.js"
      }
    }
  }
}
