{
  "name": "jz",
  "version": "0.2.1",
  "lockfileVersion": 3,
  "requires": true,
  "packages": {
    "": {
      "name": "jz",
      "version": "0.2.1",
      "license": "MIT",
      "dependencies": {
        "subscript": "^10.4.7",
        "watr": "^4.5.3"
      },
      "bin": {
        "jz": "cli.js"
      },
      "devDependencies": {
        "tst": "^9.4.0"
      }
    },
    "node_modules/subscript": {
      "version": "10.4.7",
      "resolved": "https://registry.npmjs.org/subscript/-/subscript-10.4.7.tgz",
      "integrity": "sha512-V6jUmjCDtNwhjY2gf9rQdTUg5YaM+C1RFoc6miM9udH1G895lUOQ479znV5IYh/ystvhVrDF5YooNFeal8iUIA==",
      "license": "ISC"
    },
    "node_modules/tst": {
      "version": "9.4.0",
      "resolved": "https://registry.npmjs.org/tst/-/tst-9.4.0.tgz",
      "integrity": "sha512-LFC1yasMqhvL9hBJdA07nozlfS1RGy/7uiBCwRZcQH9zB4+n7XpxwYszzK//WQ2JVOLAUgU3d8ABEcrFLZE0vg==",
      "dev": true,
      "license": "MIT"
    },
    "node_modules/watr": {
      "version": "4.5.3",
      "resolved": "https://registry.npmjs.org/watr/-/watr-4.5.3.tgz",
      "integrity": "sha512-n/JdVw1jIVvvaLk+8fMBhnEafYe5ieTzXkpJWUKR7geH6uM5GTmEvUJF4DkZgNUdeme63s6Hu7hTtYPfZO6UFA==",
      "license": "MIT",
      "bin": {
        "watr": "bin/watr.js"
      }
    }
  }
}
